
Microsoft Visual Studio Solution File, Format Version 12.00
# Visual Studio Version 17
VisualStudioVersion = 17.8.34316.72
MinimumVisualStudioVersion = 10.0.40219.1
Project("{FAE04EC0-301F-11D3-BF4B-00C04F79EFBC}") = "poduska", "poduska\poduska.csproj", "{04690125-6E47-48A3-A51C-C8F4714871AC}"
EndProject
Global
	GlobalSection(SolutionConfigurationPlatforms) = preSolution
		Debug|Any CPU = Debug|Any CPU
		Release|Any CPU = Release|Any CPU
	EndGlobalSection
	GlobalSection(ProjectConfigurationPlatforms) = postSolution
		{04690125-6E47-48A3-A51C-C8F4714871AC}.Debug|Any CPU.ActiveCfg = Debug|Any CPU
		{04690125-6E47-48A3-A51C-C8F4714871AC}.Debug|Any CPU.Build.0 = Debug|Any CPU
		{04690125-6E47-48A3-A51C-C8F4714871AC}.Release|Any CPU.ActiveCfg = Release|Any CPU
		{04690125-6E47-48A3-A51C-C8F4714871AC}.Release|Any CPU.Build.0 = Release|Any CPU
	EndGlobalSection
	GlobalSection(SolutionProperties) = preSolution
		HideSolutionNode = FALSE
	EndGlobalSection
	GlobalSection(ExtensibilityGlobals) = postSolution
		SolutionGuid = {4A18FFEA-EC0F-4FEC-90DC-46DAA1F1863A}
	EndGlobalSection
EndGlobal
